// !$*UTF8*$!
{
	archiveVersion = 1;
	classes = {
	};
	objectVersion = 46;
	objects = {

/* Begin PBXBuildFile section */
		84A91A791B9DC1D000444B84 /* GeneralTree.m in Sources */ = {isa = PBXBuildFile; fileRef = 84A91A781B9DC1D000444B84 /* GeneralTree.m */; };
		84A91A7C1B9DC26800444B84 /* AppleTree.m in Sources */ = {isa = PBXBuildFile; fileRef = 84A91A7B1B9DC26800444B84 /* AppleTree.m */; };
		D031860C1B98A652009BE4C2 /* main.m in Sources */ = {isa = PBXBuildFile; fileRef = D031860B1B98A652009BE4C2 /* main.m */; };
		D03186171B98A73C009BE4C2 /* Apple.m in Sources */ = {isa = PBXBuildFile; fileRef = D03186161B98A73C009BE4C2 /* Apple.m */; };
/* End PBXBuildFile section */

/* Begin PBXCopyFilesBuildPhase section */
		D03186061B98A652009BE4C2 /* CopyFiles */ = {
			isa = PBXCopyFilesBuildPhase;
			buildActionMask = 2147483647;
			dstPath = /usr/share/man/man1/;
			dstSubfolderSpec = 0;
			files = (
			);
			runOnlyForDeploymentPostprocessing = 1;
		};
/* End PBXCopyFilesBuildPhase section */

/* Begin PBXFileReference section */
		84A91A761B9DC19D00444B84 /* Tree.h */ = {isa = PBXFileReference; fileEncoding = 4; lastKnownFileType = sourcecode.c.h; path = Tree.h; sourceTree = "<group>"; };
		84A91A771B9DC1D000444B84 /* GeneralTree.h */ = {isa = PBXFileReference; fileEncoding = 4; lastKnownFileType = sourcecode.c.h; path = GeneralTree.h; sourceTree = "<group>"; };
		84A91A781B9DC1D000444B84 /* GeneralTree.m */ = {isa = PBXFileReference; fileEncoding = 4; lastKnownFileType = sourcecode.c.objc; path = GeneralTree.m; sourceTree = "<group>"; };
		84A91A7A1B9DC26800444B84 /* AppleTree.h */ = {isa = PBXFileReference; fileEncoding = 4; lastKnownFileType = sourcecode.c.h; path = AppleTree.h; sourceTree = "<group>"; };
		84A91A7B1B9DC26800444B84 /* AppleTree.m */ = {isa = PBXFileReference; fileEncoding = 4; lastKnownFileType = sourcecode.c.objc; path = AppleTree.m; sourceTree = "<group>"; };
		D03186081B98A652009BE4C2 /* AppleSystem */ = {isa = PBXFileReference; explicitFileType = "compiled.mach-o.executable"; includeInIndex = 0; path = AppleSystem; sourceTree = BUILT_PRODUCTS_DIR; };
		D031860B1B98A652009BE4C2 /* main.m */ = {isa = PBXFileReference; lastKnownFileType = sourcecode.c.objc; path = main.m; sourceTree = "<group>"; };
		D03186151B98A73C009BE4C2 /* Apple.h */ = {isa = PBXFileReference; fileEncoding = 4; lastKnownFileType = sourcecode.c.h; path = Apple.h; sourceTree = "<group>"; };
		D03186161B98A73C009BE4C2 /* Apple.m */ = {isa = PBXFileReference; fileEncoding = 4; lastKnownFileType = sourcecode.c.objc; path = Apple.m; sourceTree = "<group>"; };
/* End PBXFileReference section */

/* Begin PBXFrameworksBuildPhase section */
		D03186051B98A652009BE4C2 /* Frameworks */ = {
			isa = PBXFrameworksBuildPhase;
			buildActionMask = 2147483647;
			files = (
			);
			runOnlyForDeploymentPostprocessing = 0;
		};
/* End PBXFrameworksBuildPhase section */

/* Begin PBXGroup section */
		D03185FF1B98A652009BE4C2 = {
			isa = PBXGroup;
			children = (
				D031860A1B98A652009BE4C2 /* AppleSystem */,
				D03186091B98A652009BE4C2 /* Products */,
			);
			sourceTree = "<group>";
		};
		D03186091B98A652009BE4C2 /* Products */ = {
			isa = PBXGroup;
			children = (
				D03186081B98A652009BE4C2 /* AppleSystem */,
			);
			name = Products;
			sourceTree = "<group>";
		};
		D031860A1B98A652009BE4C2 /* AppleSystem */ = {
			isa = PBXGroup;
			children = (
				D031860B1B98A652009BE4C2 /* main.m */,
				D03186151B98A73C009BE4C2 /* Apple.h */,
				D03186161B98A73C009BE4C2 /* Apple.m */,
				84A91A761B9DC19D00444B84 /* Tree.h */,
				84A91A771B9DC1D000444B84 /* GeneralTree.h */,
				84A91A7A1B9DC26800444B84 /* AppleTree.h */,
				84A91A7B1B9DC26800444B84 /* AppleTree.m */,
				84A91A781B9DC1D000444B84 /* GeneralTree.m */,
			);
			path = AppleSystem;
			sourceTree = "<group>";
		};
/* End PBXGroup section */

/* Begin PBXNativeTarget section */
		D03186071B98A652009BE4C2 /* AppleSystem */ = {
			isa = PBXNativeTarget;
			buildConfigurationList = D031860F1B98A652009BE4C2 /* Build configuration list for PBXNativeTarget "AppleSystem" */;
			buildPhases = (
				D03186041B98A652009BE4C2 /* Sources */,
				D03186051B98A652009BE4C2 /* Frameworks */,
				D03186061B98A652009BE4C2 /* CopyFiles */,
			);
			buildRules = (
			);
			dependencies = (
			);
			name = AppleSystem;
			productName = AppleSystem;
			productReference = D03186081B98A652009BE4C2 /* AppleSystem */;
			productType = "com.apple.product-type.tool";
		};
/* End PBXNativeTarget section */

/* Begin PBXProject section */
		D03186001B98A652009BE4C2 /* Project object */ = {
			isa = PBXProject;
			attributes = {
				LastUpgradeCheck = 0620;
				ORGANIZATIONNAME = fpmi;
				TargetAttributes = {
					D03186071B98A652009BE4C2 = {
						CreatedOnToolsVersion = 6.2;
					};
				};
			};
			buildConfigurationList = D03186031B98A652009BE4C2 /* Build configuration list for PBXProject "AppleSystem" */;
			compatibilityVersion = "Xcode 3.2";
			developmentRegion = English;
			hasScannedForEncodings = 0;
			knownRegions = (
				en,
			);
			mainGroup = D03185FF1B98A652009BE4C2;
			productRefGroup = D03186091B98A652009BE4C2 /* Products */;
			projectDirPath = "";
			projectRoot = "";
			targets = (
				D03186071B98A652009BE4C2 /* AppleSystem */,
			);
		};
/* End PBXProject section */

/* Begin PBXSourcesBuildPhase section */
		D03186041B98A652009BE4C2 /* Sources */ = {
			isa = PBXSourcesBuildPhase;
			buildActionMask = 2147483647;
			files = (
				84A91A7C1B9DC26800444B84 /* AppleTree.m in Sources */,
				84A91A791B9DC1D000444B84 /* GeneralTree.m in Sources */,
				D03186171B98A73C009BE4C2 /* Apple.m in Sources */,
				D031860C1B98A652009BE4C2 /* main.m in Sources */,
			);
			runOnlyForDeploymentPostprocessing = 0;
		};
/* End PBXSourcesBuildPhase section */

/* Begin XCBuildConfiguration section */
		D031860D1B98A652009BE4C2 /* Debug */ = {
			isa = XCBuildConfiguration;
			buildSettings = {
				ALWAYS_SEARCH_USER_PATHS = NO;
				CLANG_CXX_LANGUAGE_STANDARD = "gnu++0x";
				CLANG_CXX_LIBRARY = "libc++";
				CLANG_ENABLE_MODULES = YES;
				CLANG_ENABLE_OBJC_ARC = YES;
				CLANG_WARN_BOOL_CONVERSION = YES;
				CLANG_WARN_CONSTANT_CONVERSION = YES;
				CLANG_WARN_DIRECT_OBJC_ISA_USAGE = YES_ERROR;
				CLANG_WARN_EMPTY_BODY = YES;
				CLANG_WARN_ENUM_CONVERSION = YES;
				CLANG_WARN_INT_CONVERSION = YES;
				CLANG_WARN_OBJC_ROOT_CLASS = YES_ERROR;
				CLANG_WARN_UNREACHABLE_CODE = YES;
				CLANG_WARN__DUPLICATE_METHOD_MATCH = YES;
				COPY_PHASE_STRIP = NO;
				ENABLE_STRICT_OBJC_MSGSEND = YES;
				GCC_C_LANGUAGE_STANDARD = gnu99;
				GCC_DYNAMIC_NO_PIC = NO;
				GCC_OPTIMIZATION_LEVEL = 0;
				GCC_PREPROCESSOR_DEFINITIONS = (
					"DEBUG=1",
					"$(inherited)",
				);
				GCC_SYMBOLS_PRIVATE_EXTERN = NO;
				GCC_WARN_64_TO_32_BIT_CONVERSION = YES;
				GCC_WARN_ABOUT_RETURN_TYPE = YES_ERROR;
				GCC_WARN_UNDECLARED_SELECTOR = YES;
				GCC_WARN_UNINITIALIZED_AUTOS = YES_AGGRESSIVE;
				GCC_WARN_UNUSED_FUNCTION = YES;
				GCC_WARN_UNUSED_VARIABLE = YES;
				MACOSX_DEPLOYMENT_TARGET = 10.10;
				MTL_ENABLE_DEBUG_INFO = YES;
				ONLY_ACTIVE_ARCH = YES;
				SDKROOT = macosx;
			};
			name = Debug;
		};
		D031860E1B98A652009BE4C2 /* Release */ = {
			isa = XCBuildConfiguration;
			buildSettings = {
				ALWAYS_SEARCH_USER_PATHS = NO;
				CLANG_CXX_LANGUAGE_STANDARD = "gnu++0x";
				CLANG_CXX_LIBRARY = "libc++";
				CLANG_ENABLE_MODULES = YES;
				CLANG_ENABLE_OBJC_ARC = YES;
				CLANG_WARN_BOOL_CONVERSION = YES;
				CLANG_WARN_CONSTANT_CONVERSION = YES;
				CLANG_WARN_DIRECT_OBJC_ISA_USAGE = YES_ERROR;
				CLANG_WARN_EMPTY_BODY = YES;
				CLANG_WARN_ENUM_CONVERSION = YES;
				CLANG_WARN_INT_CONVERSION = YES;
				CLANG_WARN_OBJC_ROOT_CLASS = YES_ERROR;
				CLANG_WARN_UNREACHABLE_CODE = YES;
				CLANG_WARN__DUPLICATE_METHOD_MATCH = YES;
				COPY_PHASE_STRIP = NO;
				DEBUG_INFORMATION_FORMAT = "dwarf-with-dsym";
				ENABLE_NS_ASSERTIONS = NO;
				ENABLE_STRICT_OBJC_MSGSEND = YES;
				GCC_C_LANGUAGE_STANDARD = gnu99;
				GCC_WARN_64_TO_32_BIT_CONVERSION = YES;
				GCC_WARN_ABOUT_RETURN_TYPE = YES_ERROR;
				GCC_WARN_UNDECLARED_SELECTOR = YES;
				GCC_WARN_UNINITIALIZED_AUTOS = YES_AGGRESSIVE;
				GCC_WARN_UNUSED_FUNCTION = YES;
				GCC_WARN_UNUSED_VARIABLE = YES;
				MACOSX_DEPLOYMENT_TARGET = 10.10;
				MTL_ENABLE_DEBUG_INFO = NO;
				SDKROOT = macosx;
			};
			name = Release;
		};
		D03186101B98A652009BE4C2 /* Debug */ = {
			isa = XCBuildConfiguration;
			buildSettings = {
				PRODUCT_NAME = "$(TARGET_NAME)";
			};
			name = Debug;
		};
		D03186111B98A652009BE4C2 /* Release */ = {
			isa = XCBuildConfiguration;
			buildSettings = {
				PRODUCT_NAME = "$(TARGET_NAME)";
			};
			name = Release;
		};
/* End XCBuildConfiguration section */

/* Begin XCConfigurationList section */
		D03186031B98A652009BE4C2 /* Build configuration list for PBXProject "AppleSystem" */ = {
			isa = XCConfigurationList;
			buildConfigurations = (
				D031860D1B98A652009BE4C2 /* Debug */,
				D031860E1B98A652009BE4C2 /* Release */,
			);
			defaultConfigurationIsVisible = 0;
			defaultConfigurationName = Release;
		};
		D031860F1B98A652009BE4C2 /* Build configuration list for PBXNativeTarget "AppleSystem" */ = {
			isa = XCConfigurationList;
			buildConfigurations = (
				D03186101B98A652009BE4C2 /* Debug */,
				D03186111B98A652009BE4C2 /* Release */,
			);
			defaultConfigurationIsVisible = 0;
			defaultConfigurationName = Release;
		};
/* End XCConfigurationList section */
	};
	rootObject = D03186001B98A652009BE4C2 /* Project object */;
}
